// !$*UTF8*$!
{
	archiveVersion = 1;
	classes = {
	};
	objectVersion = 56;
	objects = {

/* Begin PBXBuildFile section */
		40230F362AB99178002FBFF7 /* Label+Ext.swift in Sources */ = {isa = PBXBuildFile; fileRef = 40230F352AB99177002FBFF7 /* Label+Ext.swift */; };
		40230F3A2AB9B8A6002FBFF7 /* LocationCell.swift in Sources */ = {isa = PBXBuildFile; fileRef = 40230F392AB9B8A6002FBFF7 /* LocationCell.swift */; };
		40230F3C2AB9B8E3002FBFF7 /* AvatarView.swift in Sources */ = {isa = PBXBuildFile; fileRef = 40230F3B2AB9B8E3002FBFF7 /* AvatarView.swift */; };
		4025F4832ABF19A40096453B /* LocationMapViewModel.swift in Sources */ = {isa = PBXBuildFile; fileRef = 4025F4822ABF19A40096453B /* LocationMapViewModel.swift */; };
		4033E2852ABA22EF004E51F4 /* CustomModifires.swift in Sources */ = {isa = PBXBuildFile; fileRef = 4033E2842ABA22EF004E51F4 /* CustomModifires.swift */; };
		4033E2872ABA25B3004E51F4 /* DDGButton.swift in Sources */ = {isa = PBXBuildFile; fileRef = 4033E2862ABA25B3004E51F4 /* DDGButton.swift */; };
		40399A6C2ABC57560076F30B /* CloudKitManager.swift in Sources */ = {isa = PBXBuildFile; fileRef = 40399A6B2ABC57560076F30B /* CloudKitManager.swift */; };
		40399A6E2ABC76EC0076F30B /* Constants.swift in Sources */ = {isa = PBXBuildFile; fileRef = 40399A6D2ABC76EC0076F30B /* Constants.swift */; };
		404CE5202AC42E5C00A584DF /* UIImage+Ext.swift in Sources */ = {isa = PBXBuildFile; fileRef = 404CE51F2AC42E5C00A584DF /* UIImage+Ext.swift */; };
		404CE5232AC4600200A584DF /* ProfileViewModel.swift in Sources */ = {isa = PBXBuildFile; fileRef = 404CE5222AC4600200A584DF /* ProfileViewModel.swift */; };
		405E71C32AB7964500DF6D25 /* LocationDetailView.swift in Sources */ = {isa = PBXBuildFile; fileRef = 405E71C22AB7964500DF6D25 /* LocationDetailView.swift */; };
		40614B092ABDA00400D28ADF /* CKRecord+Ext.swift in Sources */ = {isa = PBXBuildFile; fileRef = 40614B082ABDA00400D28ADF /* CKRecord+Ext.swift */; };
		40614B0B2ABDA38200D28ADF /* AlertItem.swift in Sources */ = {isa = PBXBuildFile; fileRef = 40614B0A2ABDA38200D28ADF /* AlertItem.swift */; };
		406561A52AC17BE300A193BA /* OnboardView.swift in Sources */ = {isa = PBXBuildFile; fileRef = 406561A42AC17BE300A193BA /* OnboardView.swift */; };
		406561A72AC17C8700A193BA /* LogoView.swift in Sources */ = {isa = PBXBuildFile; fileRef = 406561A62AC17C8700A193BA /* LogoView.swift */; };
		406561AA2AC1826700A193BA /* XDismissButton.swift in Sources */ = {isa = PBXBuildFile; fileRef = 406561A92AC1826700A193BA /* XDismissButton.swift */; };
		406561AD2AC1D48700A193BA /* PhotoPicker.swift in Sources */ = {isa = PBXBuildFile; fileRef = 406561AC2AC1D48700A193BA /* PhotoPicker.swift */; };
		40733D0E2AB72FD600340EED /* View+Ext.swift in Sources */ = {isa = PBXBuildFile; fileRef = 40733D0D2AB72FD600340EED /* View+Ext.swift */; };
		4091EC862AC6BD2700FB0911 /* LocationDetailViewModel.swift in Sources */ = {isa = PBXBuildFile; fileRef = 4091EC852AC6BD2700FB0911 /* LocationDetailViewModel.swift */; };
		409DF05E2AC03C48002E7C47 /* LocationManager.swift in Sources */ = {isa = PBXBuildFile; fileRef = 409DF05D2AC03C48002E7C47 /* LocationManager.swift */; };
		40A13F602AC5BFFB0086848A /* LoadingView.swift in Sources */ = {isa = PBXBuildFile; fileRef = 40A13F5F2AC5BFFB0086848A /* LoadingView.swift */; };
		40BE27D92AB63F0B004F93D9 /* DubDubGrubApp.swift in Sources */ = {isa = PBXBuildFile; fileRef = 40BE27D82AB63F0B004F93D9 /* DubDubGrubApp.swift */; };
		40BE27DD2AB63F0D004F93D9 /* Assets.xcassets in Resources */ = {isa = PBXBuildFile; fileRef = 40BE27DC2AB63F0D004F93D9 /* Assets.xcassets */; };
		40BE27E02AB63F0D004F93D9 /* Preview Assets.xcassets in Resources */ = {isa = PBXBuildFile; fileRef = 40BE27DF2AB63F0D004F93D9 /* Preview Assets.xcassets */; };
		40BE27E82AB655AF004F93D9 /* Color+Ext.swift in Sources */ = {isa = PBXBuildFile; fileRef = 40BE27E72AB655AF004F93D9 /* Color+Ext.swift */; };
		40BE27EA2AB65616004F93D9 /* AppTabView.swift in Sources */ = {isa = PBXBuildFile; fileRef = 40BE27E92AB65616004F93D9 /* AppTabView.swift */; };
		40BE27EC2AB65649004F93D9 /* LocationMapView.swift in Sources */ = {isa = PBXBuildFile; fileRef = 40BE27EB2AB65649004F93D9 /* LocationMapView.swift */; };
		40BE27EE2AB65672004F93D9 /* LocationListView.swift in Sources */ = {isa = PBXBuildFile; fileRef = 40BE27ED2AB65672004F93D9 /* LocationListView.swift */; };
		40BE27F02AB65690004F93D9 /* ProfileView.swift in Sources */ = {isa = PBXBuildFile; fileRef = 40BE27EF2AB65690004F93D9 /* ProfileView.swift */; };
		40C417CB2ABB2560006A2CEE /* DDGLocation.swift in Sources */ = {isa = PBXBuildFile; fileRef = 40C417CA2ABB2560006A2CEE /* DDGLocation.swift */; };
		40C417CD2ABB726F006A2CEE /* DDGProfile.swift in Sources */ = {isa = PBXBuildFile; fileRef = 40C417CC2ABB726F006A2CEE /* DDGProfile.swift */; };
		40C417CF2ABB763E006A2CEE /* MockData.swift in Sources */ = {isa = PBXBuildFile; fileRef = 40C417CE2ABB763E006A2CEE /* MockData.swift */; };
		40C701DF2AC08AFC004DE16F /* CKAsset+Ext.swift in Sources */ = {isa = PBXBuildFile; fileRef = 40C701DE2AC08AFC004DE16F /* CKAsset+Ext.swift */; };
/* End PBXBuildFile section */

/* Begin PBXFileReference section */
		40230F352AB99177002FBFF7 /* Label+Ext.swift */ = {isa = PBXFileReference; lastKnownFileType = sourcecode.swift; path = "Label+Ext.swift"; sourceTree = "<group>"; };
		40230F392AB9B8A6002FBFF7 /* LocationCell.swift */ = {isa = PBXFileReference; lastKnownFileType = sourcecode.swift; path = LocationCell.swift; sourceTree = "<group>"; };
		40230F3B2AB9B8E3002FBFF7 /* AvatarView.swift */ = {isa = PBXFileReference; lastKnownFileType = sourcecode.swift; path = AvatarView.swift; sourceTree = "<group>"; };
		4025F4822ABF19A40096453B /* LocationMapViewModel.swift */ = {isa = PBXFileReference; lastKnownFileType = sourcecode.swift; path = LocationMapViewModel.swift; sourceTree = "<group>"; };
		4033E2842ABA22EF004E51F4 /* CustomModifires.swift */ = {isa = PBXFileReference; lastKnownFileType = sourcecode.swift; path = CustomModifires.swift; sourceTree = "<group>"; };
		4033E2862ABA25B3004E51F4 /* DDGButton.swift */ = {isa = PBXFileReference; lastKnownFileType = sourcecode.swift; path = DDGButton.swift; sourceTree = "<group>"; };
		40399A6B2ABC57560076F30B /* CloudKitManager.swift */ = {isa = PBXFileReference; lastKnownFileType = sourcecode.swift; path = CloudKitManager.swift; sourceTree = "<group>"; };
		40399A6D2ABC76EC0076F30B /* Constants.swift */ = {isa = PBXFileReference; lastKnownFileType = sourcecode.swift; path = Constants.swift; sourceTree = "<group>"; };
		404CE51F2AC42E5C00A584DF /* UIImage+Ext.swift */ = {isa = PBXFileReference; lastKnownFileType = sourcecode.swift; path = "UIImage+Ext.swift"; sourceTree = "<group>"; };
		404CE5222AC4600200A584DF /* ProfileViewModel.swift */ = {isa = PBXFileReference; lastKnownFileType = sourcecode.swift; path = ProfileViewModel.swift; sourceTree = "<group>"; };
		405E71C22AB7964500DF6D25 /* LocationDetailView.swift */ = {isa = PBXFileReference; lastKnownFileType = sourcecode.swift; path = LocationDetailView.swift; sourceTree = "<group>"; };
		40614B082ABDA00400D28ADF /* CKRecord+Ext.swift */ = {isa = PBXFileReference; lastKnownFileType = sourcecode.swift; path = "CKRecord+Ext.swift"; sourceTree = "<group>"; };
		40614B0A2ABDA38200D28ADF /* AlertItem.swift */ = {isa = PBXFileReference; lastKnownFileType = sourcecode.swift; path = AlertItem.swift; sourceTree = "<group>"; };
		406561A42AC17BE300A193BA /* OnboardView.swift */ = {isa = PBXFileReference; lastKnownFileType = sourcecode.swift; path = OnboardView.swift; sourceTree = "<group>"; };
		406561A62AC17C8700A193BA /* LogoView.swift */ = {isa = PBXFileReference; lastKnownFileType = sourcecode.swift; path = LogoView.swift; sourceTree = "<group>"; };
		406561A92AC1826700A193BA /* XDismissButton.swift */ = {isa = PBXFileReference; lastKnownFileType = sourcecode.swift; path = XDismissButton.swift; sourceTree = "<group>"; };
		406561AC2AC1D48700A193BA /* PhotoPicker.swift */ = {isa = PBXFileReference; lastKnownFileType = sourcecode.swift; path = PhotoPicker.swift; sourceTree = "<group>"; };
		40733D0D2AB72FD600340EED /* View+Ext.swift */ = {isa = PBXFileReference; lastKnownFileType = sourcecode.swift; path = "View+Ext.swift"; sourceTree = "<group>"; };
		4091EC852AC6BD2700FB0911 /* LocationDetailViewModel.swift */ = {isa = PBXFileReference; lastKnownFileType = sourcecode.swift; path = LocationDetailViewModel.swift; sourceTree = "<group>"; };
		409DF05D2AC03C48002E7C47 /* LocationManager.swift */ = {isa = PBXFileReference; lastKnownFileType = sourcecode.swift; path = LocationManager.swift; sourceTree = "<group>"; };
		40A13F5F2AC5BFFB0086848A /* LoadingView.swift */ = {isa = PBXFileReference; lastKnownFileType = sourcecode.swift; path = LoadingView.swift; sourceTree = "<group>"; };
		40BE27D52AB63F0B004F93D9 /* DubDubGrub.app */ = {isa = PBXFileReference; explicitFileType = wrapper.application; includeInIndex = 0; path = DubDubGrub.app; sourceTree = BUILT_PRODUCTS_DIR; };
		40BE27D82AB63F0B004F93D9 /* DubDubGrubApp.swift */ = {isa = PBXFileReference; lastKnownFileType = sourcecode.swift; path = DubDubGrubApp.swift; sourceTree = "<group>"; };
		40BE27DC2AB63F0D004F93D9 /* Assets.xcassets */ = {isa = PBXFileReference; lastKnownFileType = folder.assetcatalog; path = Assets.xcassets; sourceTree = "<group>"; };
		40BE27DF2AB63F0D004F93D9 /* Preview Assets.xcassets */ = {isa = PBXFileReference; lastKnownFileType = folder.assetcatalog; path = "Preview Assets.xcassets"; sourceTree = "<group>"; };
		40BE27E62AB6463A004F93D9 /* DubDubGrub.entitlements */ = {isa = PBXFileReference; lastKnownFileType = text.plist.entitlements; path = DubDubGrub.entitlements; sourceTree = "<group>"; };
		40BE27E72AB655AF004F93D9 /* Color+Ext.swift */ = {isa = PBXFileReference; lastKnownFileType = sourcecode.swift; path = "Color+Ext.swift"; sourceTree = "<group>"; };
		40BE27E92AB65616004F93D9 /* AppTabView.swift */ = {isa = PBXFileReference; lastKnownFileType = sourcecode.swift; path = AppTabView.swift; sourceTree = "<group>"; };
		40BE27EB2AB65649004F93D9 /* LocationMapView.swift */ = {isa = PBXFileReference; lastKnownFileType = sourcecode.swift; path = LocationMapView.swift; sourceTree = "<group>"; };
		40BE27ED2AB65672004F93D9 /* LocationListView.swift */ = {isa = PBXFileReference; lastKnownFileType = sourcecode.swift; path = LocationListView.swift; sourceTree = "<group>"; };
		40BE27EF2AB65690004F93D9 /* ProfileView.swift */ = {isa = PBXFileReference; lastKnownFileType = sourcecode.swift; path = ProfileView.swift; sourceTree = "<group>"; };
		40C417CA2ABB2560006A2CEE /* DDGLocation.swift */ = {isa = PBXFileReference; lastKnownFileType = sourcecode.swift; path = DDGLocation.swift; sourceTree = "<group>"; };
		40C417CC2ABB726F006A2CEE /* DDGProfile.swift */ = {isa = PBXFileReference; lastKnownFileType = sourcecode.swift; path = DDGProfile.swift; sourceTree = "<group>"; };
		40C417CE2ABB763E006A2CEE /* MockData.swift */ = {isa = PBXFileReference; lastKnownFileType = sourcecode.swift; path = MockData.swift; sourceTree = "<group>"; };
		40C701DE2AC08AFC004DE16F /* CKAsset+Ext.swift */ = {isa = PBXFileReference; lastKnownFileType = sourcecode.swift; path = "CKAsset+Ext.swift"; sourceTree = "<group>"; };
/* End PBXFileReference section */

/* Begin PBXFrameworksBuildPhase section */
		40BE27D22AB63F0B004F93D9 /* Frameworks */ = {
			isa = PBXFrameworksBuildPhase;
			buildActionMask = 2147483647;
			files = (
			);
			runOnlyForDeploymentPostprocessing = 0;
		};
/* End PBXFrameworksBuildPhase section */

/* Begin PBXGroup section */
		4025F4812ABF197D0096453B /* LocationMapView */ = {
			isa = PBXGroup;
			children = (
				4025F4822ABF19A40096453B /* LocationMapViewModel.swift */,
				40BE27EB2AB65649004F93D9 /* LocationMapView.swift */,
			);
			path = LocationMapView;
			sourceTree = "<group>";
		};
		4033E2882ABA29DF004E51F4 /* Extensions */ = {
			isa = PBXGroup;
			children = (
				40BE27E72AB655AF004F93D9 /* Color+Ext.swift */,
				40733D0D2AB72FD600340EED /* View+Ext.swift */,
				40230F352AB99177002FBFF7 /* Label+Ext.swift */,
				40614B082ABDA00400D28ADF /* CKRecord+Ext.swift */,
				40C701DE2AC08AFC004DE16F /* CKAsset+Ext.swift */,
				404CE51F2AC42E5C00A584DF /* UIImage+Ext.swift */,
			);
			path = Extensions;
			sourceTree = "<group>";
		};
		4033E2892ABA2A12004E51F4 /* Views */ = {
			isa = PBXGroup;
			children = (
				4033E2842ABA22EF004E51F4 /* CustomModifires.swift */,
				4033E28C2ABA2A7D004E51F4 /* Custom Views */,
				4033E28B2ABA2A6A004E51F4 /* Cells */,
				4033E28A2ABA2A21004E51F4 /* Screens */,
			);
			path = Views;
			sourceTree = "<group>";
		};
		4033E28A2ABA2A21004E51F4 /* Screens */ = {
			isa = PBXGroup;
			children = (
				4091EC842AC6BCE400FB0911 /* LocationDetailView */,
				404CE5212AC45FD100A584DF /* ProfileView */,
				4025F4812ABF197D0096453B /* LocationMapView */,
				40BE27E92AB65616004F93D9 /* AppTabView.swift */,
				40BE27ED2AB65672004F93D9 /* LocationListView.swift */,
				406561A42AC17BE300A193BA /* OnboardView.swift */,
			);
			path = Screens;
			sourceTree = "<group>";
		};
		4033E28B2ABA2A6A004E51F4 /* Cells */ = {
			isa = PBXGroup;
			children = (
				40230F392AB9B8A6002FBFF7 /* LocationCell.swift */,
			);
			path = Cells;
			sourceTree = "<group>";
		};
		4033E28C2ABA2A7D004E51F4 /* Custom Views */ = {
			isa = PBXGroup;
			children = (
				406561AB2AC1D41F00A193BA /* UIKit Components */,
				406561A82AC1825100A193BA /* Buttons */,
				40230F3B2AB9B8E3002FBFF7 /* AvatarView.swift */,
				406561A62AC17C8700A193BA /* LogoView.swift */,
				40A13F5F2AC5BFFB0086848A /* LoadingView.swift */,
			);
			path = "Custom Views";
			sourceTree = "<group>";
		};
		40399A6A2ABC55BE0076F30B /* Utilities */ = {
			isa = PBXGroup;
			children = (
				409DF05C2AC03C2B002E7C47 /* Managers */,
				4033E2882ABA29DF004E51F4 /* Extensions */,
				40399A6D2ABC76EC0076F30B /* Constants.swift */,
				40614B0A2ABDA38200D28ADF /* AlertItem.swift */,
			);
			path = Utilities;
			sourceTree = "<group>";
		};
		404CE5212AC45FD100A584DF /* ProfileView */ = {
			isa = PBXGroup;
			children = (
				404CE5222AC4600200A584DF /* ProfileViewModel.swift */,
				40BE27EF2AB65690004F93D9 /* ProfileView.swift */,
			);
			path = ProfileView;
			sourceTree = "<group>";
		};
		406561A82AC1825100A193BA /* Buttons */ = {
			isa = PBXGroup;
			children = (
				406561A92AC1826700A193BA /* XDismissButton.swift */,
				4033E2862ABA25B3004E51F4 /* DDGButton.swift */,
			);
			path = Buttons;
			sourceTree = "<group>";
		};
		406561AB2AC1D41F00A193BA /* UIKit Components */ = {
			isa = PBXGroup;
			children = (
				406561AC2AC1D48700A193BA /* PhotoPicker.swift */,
			);
			path = "UIKit Components";
			sourceTree = "<group>";
		};
		4091EC842AC6BCE400FB0911 /* LocationDetailView */ = {
			isa = PBXGroup;
			children = (
				4091EC852AC6BD2700FB0911 /* LocationDetailViewModel.swift */,
				405E71C22AB7964500DF6D25 /* LocationDetailView.swift */,
			);
			path = LocationDetailView;
			sourceTree = "<group>";
		};
		409DF05C2AC03C2B002E7C47 /* Managers */ = {
			isa = PBXGroup;
			children = (
				40399A6B2ABC57560076F30B /* CloudKitManager.swift */,
				409DF05D2AC03C48002E7C47 /* LocationManager.swift */,
			);
			path = Managers;
			sourceTree = "<group>";
		};
		40BE27CC2AB63F0B004F93D9 = {
			isa = PBXGroup;
			children = (
				40BE27D72AB63F0B004F93D9 /* DubDubGrub */,
				40BE27D62AB63F0B004F93D9 /* Products */,
			);
			sourceTree = "<group>";
		};
		40BE27D62AB63F0B004F93D9 /* Products */ = {
			isa = PBXGroup;
			children = (
				40BE27D52AB63F0B004F93D9 /* DubDubGrub.app */,
			);
			name = Products;
			sourceTree = "<group>";
		};
		40BE27D72AB63F0B004F93D9 /* DubDubGrub */ = {
			isa = PBXGroup;
			children = (
				40399A6A2ABC55BE0076F30B /* Utilities */,
				40C417C92ABB254C006A2CEE /* Model */,
				4033E2892ABA2A12004E51F4 /* Views */,
				40BE27E62AB6463A004F93D9 /* DubDubGrub.entitlements */,
				40BE27D82AB63F0B004F93D9 /* DubDubGrubApp.swift */,
				40BE27DC2AB63F0D004F93D9 /* Assets.xcassets */,
				40BE27DE2AB63F0D004F93D9 /* Preview Content */,
			);
			path = DubDubGrub;
			sourceTree = "<group>";
		};
		40BE27DE2AB63F0D004F93D9 /* Preview Content */ = {
			isa = PBXGroup;
			children = (
				40BE27DF2AB63F0D004F93D9 /* Preview Assets.xcassets */,
			);
			path = "Preview Content";
			sourceTree = "<group>";
		};
		40C417C92ABB254C006A2CEE /* Model */ = {
			isa = PBXGroup;
			children = (
				40C417CA2ABB2560006A2CEE /* DDGLocation.swift */,
				40C417CC2ABB726F006A2CEE /* DDGProfile.swift */,
				40C417CE2ABB763E006A2CEE /* MockData.swift */,
			);
			path = Model;
			sourceTree = "<group>";
		};
/* End PBXGroup section */

/* Begin PBXNativeTarget section */
		40BE27D42AB63F0B004F93D9 /* DubDubGrub */ = {
			isa = PBXNativeTarget;
			buildConfigurationList = 40BE27E32AB63F0D004F93D9 /* Build configuration list for PBXNativeTarget "DubDubGrub" */;
			buildPhases = (
				40BE27D12AB63F0B004F93D9 /* Sources */,
				40BE27D22AB63F0B004F93D9 /* Frameworks */,
				40BE27D32AB63F0B004F93D9 /* Resources */,
			);
			buildRules = (
			);
			dependencies = (
			);
			name = DubDubGrub;
			productName = DubDubGrub;
			productReference = 40BE27D52AB63F0B004F93D9 /* DubDubGrub.app */;
			productType = "com.apple.product-type.application";
		};
/* End PBXNativeTarget section */

/* Begin PBXProject section */
		40BE27CD2AB63F0B004F93D9 /* Project object */ = {
			isa = PBXProject;
			attributes = {
				BuildIndependentTargetsInParallel = 1;
				LastSwiftUpdateCheck = 1430;
				LastUpgradeCheck = 1500;
				TargetAttributes = {
					40BE27D42AB63F0B004F93D9 = {
						CreatedOnToolsVersion = 14.3.1;
					};
				};
			};
			buildConfigurationList = 40BE27D02AB63F0B004F93D9 /* Build configuration list for PBXProject "DubDubGrub" */;
			compatibilityVersion = "Xcode 14.0";
			developmentRegion = en;
			hasScannedForEncodings = 0;
			knownRegions = (
				en,
				Base,
			);
			mainGroup = 40BE27CC2AB63F0B004F93D9;
			productRefGroup = 40BE27D62AB63F0B004F93D9 /* Products */;
			projectDirPath = "";
			projectRoot = "";
			targets = (
				40BE27D42AB63F0B004F93D9 /* DubDubGrub */,
			);
		};
/* End PBXProject section */

/* Begin PBXResourcesBuildPhase section */
		40BE27D32AB63F0B004F93D9 /* Resources */ = {
			isa = PBXResourcesBuildPhase;
			buildActionMask = 2147483647;
			files = (
				40BE27E02AB63F0D004F93D9 /* Preview Assets.xcassets in Resources */,
				40BE27DD2AB63F0D004F93D9 /* Assets.xcassets in Resources */,
			);
			runOnlyForDeploymentPostprocessing = 0;
		};
/* End PBXResourcesBuildPhase section */

/* Begin PBXSourcesBuildPhase section */
		40BE27D12AB63F0B004F93D9 /* Sources */ = {
			isa = PBXSourcesBuildPhase;
			buildActionMask = 2147483647;
			files = (
				40733D0E2AB72FD600340EED /* View+Ext.swift in Sources */,
				406561AA2AC1826700A193BA /* XDismissButton.swift in Sources */,
				404CE5232AC4600200A584DF /* ProfileViewModel.swift in Sources */,
				40BE27D92AB63F0B004F93D9 /* DubDubGrubApp.swift in Sources */,
				405E71C32AB7964500DF6D25 /* LocationDetailView.swift in Sources */,
				40C417CD2ABB726F006A2CEE /* DDGProfile.swift in Sources */,
				406561A52AC17BE300A193BA /* OnboardView.swift in Sources */,
				40399A6C2ABC57560076F30B /* CloudKitManager.swift in Sources */,
				40BE27EC2AB65649004F93D9 /* LocationMapView.swift in Sources */,
				40230F3C2AB9B8E3002FBFF7 /* AvatarView.swift in Sources */,
				4025F4832ABF19A40096453B /* LocationMapViewModel.swift in Sources */,
				4033E2852ABA22EF004E51F4 /* CustomModifires.swift in Sources */,
				40C417CB2ABB2560006A2CEE /* DDGLocation.swift in Sources */,
				40BE27EE2AB65672004F93D9 /* LocationListView.swift in Sources */,
				40BE27EA2AB65616004F93D9 /* AppTabView.swift in Sources */,
				4033E2872ABA25B3004E51F4 /* DDGButton.swift in Sources */,
				40230F3A2AB9B8A6002FBFF7 /* LocationCell.swift in Sources */,
				409DF05E2AC03C48002E7C47 /* LocationManager.swift in Sources */,
				40614B0B2ABDA38200D28ADF /* AlertItem.swift in Sources */,
				40BE27F02AB65690004F93D9 /* ProfileView.swift in Sources */,
				40C417CF2ABB763E006A2CEE /* MockData.swift in Sources */,
				406561AD2AC1D48700A193BA /* PhotoPicker.swift in Sources */,
				404CE5202AC42E5C00A584DF /* UIImage+Ext.swift in Sources */,
				40A13F602AC5BFFB0086848A /* LoadingView.swift in Sources */,
				40230F362AB99178002FBFF7 /* Label+Ext.swift in Sources */,
				4091EC862AC6BD2700FB0911 /* LocationDetailViewModel.swift in Sources */,
				406561A72AC17C8700A193BA /* LogoView.swift in Sources */,
				40BE27E82AB655AF004F93D9 /* Color+Ext.swift in Sources */,
				40399A6E2ABC76EC0076F30B /* Constants.swift in Sources */,
				40614B092ABDA00400D28ADF /* CKRecord+Ext.swift in Sources */,
				40C701DF2AC08AFC004DE16F /* CKAsset+Ext.swift in Sources */,
			);
			runOnlyForDeploymentPostprocessing = 0;
		};
/* End PBXSourcesBuildPhase section */

/* Begin XCBuildConfiguration section */
		40BE27E12AB63F0D004F93D9 /* Debug */ = {
			isa = XCBuildConfiguration;
			buildSettings = {
				ALWAYS_SEARCH_USER_PATHS = NO;
				CLANG_ANALYZER_NONNULL = YES;
				CLANG_ANALYZER_NUMBER_OBJECT_CONVERSION = YES_AGGRESSIVE;
				CLANG_CXX_LANGUAGE_STANDARD = "gnu++20";
				CLANG_ENABLE_MODULES = YES;
				CLANG_ENABLE_OBJC_ARC = YES;
				CLANG_ENABLE_OBJC_WEAK = YES;
				CLANG_WARN_BLOCK_CAPTURE_AUTORELEASING = YES;
				CLANG_WARN_BOOL_CONVERSION = YES;
				CLANG_WARN_COMMA = YES;
				CLANG_WARN_CONSTANT_CONVERSION = YES;
				CLANG_WARN_DEPRECATED_OBJC_IMPLEMENTATIONS = YES;
				CLANG_WARN_DIRECT_OBJC_ISA_USAGE = YES_ERROR;
				CLANG_WARN_DOCUMENTATION_COMMENTS = YES;
				CLANG_WARN_EMPTY_BODY = YES;
				CLANG_WARN_ENUM_CONVERSION = YES;
				CLANG_WARN_INFINITE_RECURSION = YES;
				CLANG_WARN_INT_CONVERSION = YES;
				CLANG_WARN_NON_LITERAL_NULL_CONVERSION = YES;
				CLANG_WARN_OBJC_IMPLICIT_RETAIN_SELF = YES;
				CLANG_WARN_OBJC_LITERAL_CONVERSION = YES;
				CLANG_WARN_OBJC_ROOT_CLASS = YES_ERROR;
				CLANG_WARN_QUOTED_INCLUDE_IN_FRAMEWORK_HEADER = YES;
				CLANG_WARN_RANGE_LOOP_ANALYSIS = YES;
				CLANG_WARN_STRICT_PROTOTYPES = YES;
				CLANG_WARN_SUSPICIOUS_MOVE = YES;
				CLANG_WARN_UNGUARDED_AVAILABILITY = YES_AGGRESSIVE;
				CLANG_WARN_UNREACHABLE_CODE = YES;
				CLANG_WARN__DUPLICATE_METHOD_MATCH = YES;
				COPY_PHASE_STRIP = NO;
				DEBUG_INFORMATION_FORMAT = dwarf;
				ENABLE_STRICT_OBJC_MSGSEND = YES;
				ENABLE_TESTABILITY = YES;
				ENABLE_USER_SCRIPT_SANDBOXING = YES;
				GCC_C_LANGUAGE_STANDARD = gnu11;
				GCC_DYNAMIC_NO_PIC = NO;
				GCC_NO_COMMON_BLOCKS = YES;
				GCC_OPTIMIZATION_LEVEL = 0;
				GCC_PREPROCESSOR_DEFINITIONS = (
					"DEBUG=1",
					"$(inherited)",
				);
				GCC_WARN_64_TO_32_BIT_CONVERSION = YES;
				GCC_WARN_ABOUT_RETURN_TYPE = YES_ERROR;
				GCC_WARN_UNDECLARED_SELECTOR = YES;
				GCC_WARN_UNINITIALIZED_AUTOS = YES_AGGRESSIVE;
				GCC_WARN_UNUSED_FUNCTION = YES;
				GCC_WARN_UNUSED_VARIABLE = YES;
				IPHONEOS_DEPLOYMENT_TARGET = 16.4;
				MTL_ENABLE_DEBUG_INFO = INCLUDE_SOURCE;
				MTL_FAST_MATH = YES;
				ONLY_ACTIVE_ARCH = YES;
				SDKROOT = iphoneos;
				SWIFT_ACTIVE_COMPILATION_CONDITIONS = DEBUG;
				SWIFT_OPTIMIZATION_LEVEL = "-Onone";
			};
			name = Debug;
		};
		40BE27E22AB63F0D004F93D9 /* Release */ = {
			isa = XCBuildConfiguration;
			buildSettings = {
				ALWAYS_SEARCH_USER_PATHS = NO;
				CLANG_ANALYZER_NONNULL = YES;
				CLANG_ANALYZER_NUMBER_OBJECT_CONVERSION = YES_AGGRESSIVE;
				CLANG_CXX_LANGUAGE_STANDARD = "gnu++20";
				CLANG_ENABLE_MODULES = YES;
				CLANG_ENABLE_OBJC_ARC = YES;
				CLANG_ENABLE_OBJC_WEAK = YES;
				CLANG_WARN_BLOCK_CAPTURE_AUTORELEASING = YES;
				CLANG_WARN_BOOL_CONVERSION = YES;
				CLANG_WARN_COMMA = YES;
				CLANG_WARN_CONSTANT_CONVERSION = YES;
				CLANG_WARN_DEPRECATED_OBJC_IMPLEMENTATIONS = YES;
				CLANG_WARN_DIRECT_OBJC_ISA_USAGE = YES_ERROR;
				CLANG_WARN_DOCUMENTATION_COMMENTS = YES;
				CLANG_WARN_EMPTY_BODY = YES;
				CLANG_WARN_ENUM_CONVERSION = YES;
				CLANG_WARN_INFINITE_RECURSION = YES;
				CLANG_WARN_INT_CONVERSION = YES;
				CLANG_WARN_NON_LITERAL_NULL_CONVERSION = YES;
				CLANG_WARN_OBJC_IMPLICIT_RETAIN_SELF = YES;
				CLANG_WARN_OBJC_LITERAL_CONVERSION = YES;
				CLANG_WARN_OBJC_ROOT_CLASS = YES_ERROR;
				CLANG_WARN_QUOTED_INCLUDE_IN_FRAMEWORK_HEADER = YES;
				CLANG_WARN_RANGE_LOOP_ANALYSIS = YES;
				CLANG_WARN_STRICT_PROTOTYPES = YES;
				CLANG_WARN_SUSPICIOUS_MOVE = YES;
				CLANG_WARN_UNGUARDED_AVAILABILITY = YES_AGGRESSIVE;
				CLANG_WARN_UNREACHABLE_CODE = YES;
				CLANG_WARN__DUPLICATE_METHOD_MATCH = YES;
				COPY_PHASE_STRIP = NO;
				DEBUG_INFORMATION_FORMAT = "dwarf-with-dsym";
				ENABLE_NS_ASSERTIONS = NO;
				ENABLE_STRICT_OBJC_MSGSEND = YES;
				ENABLE_USER_SCRIPT_SANDBOXING = YES;
				GCC_C_LANGUAGE_STANDARD = gnu11;
				GCC_NO_COMMON_BLOCKS = YES;
				GCC_WARN_64_TO_32_BIT_CONVERSION = YES;
				GCC_WARN_ABOUT_RETURN_TYPE = YES_ERROR;
				GCC_WARN_UNDECLARED_SELECTOR = YES;
				GCC_WARN_UNINITIALIZED_AUTOS = YES_AGGRESSIVE;
				GCC_WARN_UNUSED_FUNCTION = YES;
				GCC_WARN_UNUSED_VARIABLE = YES;
				IPHONEOS_DEPLOYMENT_TARGET = 16.4;
				MTL_ENABLE_DEBUG_INFO = NO;
				MTL_FAST_MATH = YES;
				SDKROOT = iphoneos;
				SWIFT_COMPILATION_MODE = wholemodule;
				SWIFT_OPTIMIZATION_LEVEL = "-O";
				VALIDATE_PRODUCT = YES;
			};
			name = Release;
		};
		40BE27E42AB63F0D004F93D9 /* Debug */ = {
			isa = XCBuildConfiguration;
			buildSettings = {
				ASSETCATALOG_COMPILER_APPICON_NAME = AppIcon;
				ASSETCATALOG_COMPILER_GLOBAL_ACCENT_COLOR_NAME = AccentColor;
				CODE_SIGN_ENTITLEMENTS = DubDubGrub/DubDubGrub.entitlements;
				CODE_SIGN_STYLE = Automatic;
				CURRENT_PROJECT_VERSION = 1;
				DEVELOPMENT_ASSET_PATHS = "\"DubDubGrub/Preview Content\"";
				DEVELOPMENT_TEAM = M7D3GWZL49;
				ENABLE_PREVIEWS = YES;
				GENERATE_INFOPLIST_FILE = YES;
				INFOPLIST_KEY_NSLocationWhenInUseUsageDescription = "Dub Dub Grub uses your location to shwo you where you are  in relation to your friends and food.";
				INFOPLIST_KEY_UIApplicationSceneManifest_Generation = YES;
				INFOPLIST_KEY_UIApplicationSupportsIndirectInputEvents = YES;
				INFOPLIST_KEY_UILaunchScreen_Generation = YES;
				INFOPLIST_KEY_UISupportedInterfaceOrientations_iPad = "UIInterfaceOrientationPortrait UIInterfaceOrientationPortraitUpsideDown UIInterfaceOrientationLandscapeLeft UIInterfaceOrientationLandscapeRight";
				INFOPLIST_KEY_UISupportedInterfaceOrientations_iPhone = "UIInterfaceOrientationPortrait UIInterfaceOrientationLandscapeLeft UIInterfaceOrientationLandscapeRight";
				LD_RUNPATH_SEARCH_PATHS = (
					"$(inherited)",
					"@executable_path/Frameworks",
				);
				MARKETING_VERSION = 1.0;
				PRODUCT_BUNDLE_IDENTIFIER = com.joelstorr.DubDubGrub;
				PRODUCT_NAME = "$(TARGET_NAME)";
				SWIFT_EMIT_LOC_STRINGS = YES;
				SWIFT_VERSION = 5.0;
				TARGETED_DEVICE_FAMILY = "1,2";
			};
			name = Debug;
		};
		40BE27E52AB63F0D004F93D9 /* Release */ = {
			isa = XCBuildConfiguration;
			buildSettings = {
				ASSETCATALOG_COMPILER_APPICON_NAME = AppIcon;
				ASSETCATALOG_COMPILER_GLOBAL_ACCENT_COLOR_NAME = AccentColor;
				CODE_SIGN_ENTITLEMENTS = DubDubGrub/DubDubGrub.entitlements;
				CODE_SIGN_STYLE = Automatic;
				CURRENT_PROJECT_VERSION = 1;
				DEVELOPMENT_ASSET_PATHS = "\"DubDubGrub/Preview Content\"";
				DEVELOPMENT_TEAM = M7D3GWZL49;
				ENABLE_PREVIEWS = YES;
				GENERATE_INFOPLIST_FILE = YES;
				INFOPLIST_KEY_NSLocationWhenInUseUsageDescription = "Dub Dub Grub uses your location to shwo you where you are  in relation to your friends and food.";
				INFOPLIST_KEY_UIApplicationSceneManifest_Generation = YES;
				INFOPLIST_KEY_UIApplicationSupportsIndirectInputEvents = YES;
				INFOPLIST_KEY_UILaunchScreen_Generation = YES;
				INFOPLIST_KEY_UISupportedInterfaceOrientations_iPad = "UIInterfaceOrientationPortrait UIInterfaceOrientationPortraitUpsideDown UIInterfaceOrientationLandscapeLeft UIInterfaceOrientationLandscapeRight";
				INFOPLIST_KEY_UISupportedInterfaceOrientations_iPhone = "UIInterfaceOrientationPortrait UIInterfaceOrientationLandscapeLeft UIInterfaceOrientationLandscapeRight";
				LD_RUNPATH_SEARCH_PATHS = (
					"$(inherited)",
					"@executable_path/Frameworks",
				);
				MARKETING_VERSION = 1.0;
				PRODUCT_BUNDLE_IDENTIFIER = com.joelstorr.DubDubGrub;
				PRODUCT_NAME = "$(TARGET_NAME)";
				SWIFT_EMIT_LOC_STRINGS = YES;
				SWIFT_VERSION = 5.0;
				TARGETED_DEVICE_FAMILY = "1,2";
			};
			name = Release;
		};
/* End XCBuildConfiguration section */

/* Begin XCConfigurationList section */
		40BE27D02AB63F0B004F93D9 /* Build configuration list for PBXProject "DubDubGrub" */ = {
			isa = XCConfigurationList;
			buildConfigurations = (
				40BE27E12AB63F0D004F93D9 /* Debug */,
				40BE27E22AB63F0D004F93D9 /* Release */,
			);
			defaultConfigurationIsVisible = 0;
			defaultConfigurationName = Release;
		};
		40BE27E32AB63F0D004F93D9 /* Build configuration list for PBXNativeTarget "DubDubGrub" */ = {
			isa = XCConfigurationList;
			buildConfigurations = (
				40BE27E42AB63F0D004F93D9 /* Debug */,
				40BE27E52AB63F0D004F93D9 /* Release */,
			);
			defaultConfigurationIsVisible = 0;
			defaultConfigurationName = Release;
		};
/* End XCConfigurationList section */
	};
	rootObject = 40BE27CD2AB63F0B004F93D9 /* Project object */;
}
